
Microsoft Visual Studio Solution File, Format Version 12.00
# Visual Studio Version 17
VisualStudioVersion = 17.14.36127.28 d17.14
MinimumVisualStudioVersion = 10.0.40219.1
Project("{FAE04EC0-301F-11D3-BF4B-00C04F79EFBC}") = "PizzaApp", "PizzaApp\PizzaApp.csproj", "{18526A06-F5AF-498A-8A52-F0E007FD529C}"
EndProject
Global
	GlobalSection(SolutionConfigurationPlatforms) = preSolution
		Debug|Any CPU = Debug|Any CPU
		Release|Any CPU = Release|Any CPU
	EndGlobalSection
	GlobalSection(ProjectConfigurationPlatforms) = postSolution
		{18526A06-F5AF-498A-8A52-F0E007FD529C}.Debug|Any CPU.ActiveCfg = Debug|Any CPU
		{18526A06-F5AF-498A-8A52-F0E007FD529C}.Debug|Any CPU.Build.0 = Debug|Any CPU
		{18526A06-F5AF-498A-8A52-F0E007FD529C}.Release|Any CPU.ActiveCfg = Release|Any CPU
		{18526A06-F5AF-498A-8A52-F0E007FD529C}.Release|Any CPU.Build.0 = Release|Any CPU
	EndGlobalSection
	GlobalSection(SolutionProperties) = preSolution
		HideSolutionNode = FALSE
	EndGlobalSection
	GlobalSection(ExtensibilityGlobals) = postSolution
		SolutionGuid = {49F63896-7479-4E11-B25F-441BB142A655}
	EndGlobalSection
EndGlobal
